// !$*UTF8*$!
{
	archiveVersion = 1;
	classes = {
	};
	objectVersion = 51;
	objects = {

/* Begin PBXBuildFile section */
		56509402220E4174006F717A /* GoogleService-Info.plist in Resources */ = {isa = PBXBuildFile; fileRef = 56509401220E4174006F717A /* GoogleService-Info.plist */; };
		56BA16AC220E301500816C44 /* AppDelegate.swift in Sources */ = {isa = PBXBuildFile; fileRef = 56BA16AB220E301500816C44 /* AppDelegate.swift */; };
		56BA16AE220E301500816C44 /* SignInViewController.swift in Sources */ = {isa = PBXBuildFile; fileRef = 56BA16AD220E301500816C44 /* SignInViewController.swift */; };
		56BA16B1220E301500816C44 /* Main.storyboard in Resources */ = {isa = PBXBuildFile; fileRef = 56BA16AF220E301500816C44 /* Main.storyboard */; };
		56BA16B3220E301700816C44 /* Assets.xcassets in Resources */ = {isa = PBXBuildFile; fileRef = 56BA16B2220E301700816C44 /* Assets.xcassets */; };
		56BA16B6220E301700816C44 /* LaunchScreen.storyboard in Resources */ = {isa = PBXBuildFile; fileRef = 56BA16B4220E301700816C44 /* LaunchScreen.storyboard */; };
		56CC06A1220E578200BC3910 /* SnapzViewController.swift in Sources */ = {isa = PBXBuildFile; fileRef = 56CC06A0220E578200BC3910 /* SnapzViewController.swift */; };
		A06BFDE55788E73F884A8A67 /* Pods_Snapz.framework in Frameworks */ = {isa = PBXBuildFile; fileRef = FA9F7FE3FE397EC7125A9D99 /* Pods_Snapz.framework */; };
/* End PBXBuildFile section */

/* Begin PBXFileReference section */
		54AB98095291E0935646DC07 /* Pods-Snapz.release.xcconfig */ = {isa = PBXFileReference; includeInIndex = 1; lastKnownFileType = text.xcconfig; name = "Pods-Snapz.release.xcconfig"; path = "Target Support Files/Pods-Snapz/Pods-Snapz.release.xcconfig"; sourceTree = "<group>"; };
		56509401220E4174006F717A /* GoogleService-Info.plist */ = {isa = PBXFileReference; fileEncoding = 4; lastKnownFileType = text.plist.xml; path = "GoogleService-Info.plist"; sourceTree = "<group>"; };
		56BA16A8220E301500816C44 /* Snapz.app */ = {isa = PBXFileReference; explicitFileType = wrapper.application; includeInIndex = 0; path = Snapz.app; sourceTree = BUILT_PRODUCTS_DIR; };
		56BA16AB220E301500816C44 /* AppDelegate.swift */ = {isa = PBXFileReference; lastKnownFileType = sourcecode.swift; path = AppDelegate.swift; sourceTree = "<group>"; };
		56BA16AD220E301500816C44 /* SignInViewController.swift */ = {isa = PBXFileReference; lastKnownFileType = sourcecode.swift; path = SignInViewController.swift; sourceTree = "<group>"; };
		56BA16B0220E301500816C44 /* Base */ = {isa = PBXFileReference; lastKnownFileType = file.storyboard; name = Base; path = Base.lproj/Main.storyboard; sourceTree = "<group>"; };
		56BA16B2220E301700816C44 /* Assets.xcassets */ = {isa = PBXFileReference; lastKnownFileType = folder.assetcatalog; path = Assets.xcassets; sourceTree = "<group>"; };
		56BA16B5220E301700816C44 /* Base */ = {isa = PBXFileReference; lastKnownFileType = file.storyboard; name = Base; path = Base.lproj/LaunchScreen.storyboard; sourceTree = "<group>"; };
		56BA16B7220E301700816C44 /* Info.plist */ = {isa = PBXFileReference; lastKnownFileType = text.plist.xml; path = Info.plist; sourceTree = "<group>"; };
		56CC069F220E56E300BC3910 /* Snapz.entitlements */ = {isa = PBXFileReference; lastKnownFileType = text.plist.entitlements; path = Snapz.entitlements; sourceTree = "<group>"; };
		56CC06A0220E578200BC3910 /* SnapzViewController.swift */ = {isa = PBXFileReference; lastKnownFileType = sourcecode.swift; path = SnapzViewController.swift; sourceTree = "<group>"; };
		E374C39443EDA2966E79C3D0 /* Pods-Snapz.debug.xcconfig */ = {isa = PBXFileReference; includeInIndex = 1; lastKnownFileType = text.xcconfig; name = "Pods-Snapz.debug.xcconfig"; path = "Target Support Files/Pods-Snapz/Pods-Snapz.debug.xcconfig"; sourceTree = "<group>"; };
		FA9F7FE3FE397EC7125A9D99 /* Pods_Snapz.framework */ = {isa = PBXFileReference; explicitFileType = wrapper.framework; includeInIndex = 0; path = Pods_Snapz.framework; sourceTree = BUILT_PRODUCTS_DIR; };
/* End PBXFileReference section */

/* Begin PBXFrameworksBuildPhase section */
		56BA16A5220E301500816C44 /* Frameworks */ = {
			isa = PBXFrameworksBuildPhase;
			buildActionMask = 2147483647;
			files = (
				A06BFDE55788E73F884A8A67 /* Pods_Snapz.framework in Frameworks */,
			);
			runOnlyForDeploymentPostprocessing = 0;
		};
/* End PBXFrameworksBuildPhase section */

/* Begin PBXGroup section */
		00C8319428BB5645AE2DB235 /* Pods */ = {
			isa = PBXGroup;
			children = (
				E374C39443EDA2966E79C3D0 /* Pods-Snapz.debug.xcconfig */,
				54AB98095291E0935646DC07 /* Pods-Snapz.release.xcconfig */,
			);
			path = Pods;
			sourceTree = "<group>";
		};
		31590562025986146775A49E /* Frameworks */ = {
			isa = PBXGroup;
			children = (
				FA9F7FE3FE397EC7125A9D99 /* Pods_Snapz.framework */,
			);
			name = Frameworks;
			sourceTree = "<group>";
		};
		56BA169F220E301500816C44 = {
			isa = PBXGroup;
			children = (
				56BA16AA220E301500816C44 /* Snapz */,
				56BA16A9220E301500816C44 /* Products */,
				00C8319428BB5645AE2DB235 /* Pods */,
				31590562025986146775A49E /* Frameworks */,
			);
			sourceTree = "<group>";
		};
		56BA16A9220E301500816C44 /* Products */ = {
			isa = PBXGroup;
			children = (
				56BA16A8220E301500816C44 /* Snapz.app */,
			);
			name = Products;
			sourceTree = "<group>";
		};
		56BA16AA220E301500816C44 /* Snapz */ = {
			isa = PBXGroup;
			children = (
				56CC069F220E56E300BC3910 /* Snapz.entitlements */,
				56BA16AB220E301500816C44 /* AppDelegate.swift */,
				56BA16AD220E301500816C44 /* SignInViewController.swift */,
				56CC06A0220E578200BC3910 /* SnapzViewController.swift */,
				56BA16AF220E301500816C44 /* Main.storyboard */,
				56BA16B2220E301700816C44 /* Assets.xcassets */,
				56BA16B4220E301700816C44 /* LaunchScreen.storyboard */,
				56BA16B7220E301700816C44 /* Info.plist */,
				56509401220E4174006F717A /* GoogleService-Info.plist */,
			);
			path = Snapz;
			sourceTree = "<group>";
		};
/* End PBXGroup section */

/* Begin PBXNativeTarget section */
		56BA16A7220E301500816C44 /* Snapz */ = {
			isa = PBXNativeTarget;
			buildConfigurationList = 56BA16BA220E301700816C44 /* Build configuration list for PBXNativeTarget "Snapz" */;
			buildPhases = (
				4B70CA3D802385AA3C225AE2 /* [CP] Check Pods Manifest.lock */,
				56BA16A4220E301500816C44 /* Sources */,
				56BA16A5220E301500816C44 /* Frameworks */,
				56BA16A6220E301500816C44 /* Resources */,
				F8FC14F259F3F13E7AF2309D /* [CP] Embed Pods Frameworks */,
			);
			buildRules = (
			);
			dependencies = (
			);
			name = Snapz;
			productName = Snapz;
			productReference = 56BA16A8220E301500816C44 /* Snapz.app */;
			productType = "com.apple.product-type.application";
		};
/* End PBXNativeTarget section */

/* Begin PBXProject section */
		56BA16A0220E301500816C44 /* Project object */ = {
			isa = PBXProject;
			attributes = {
				LastSwiftUpdateCheck = 1010;
				LastUpgradeCheck = 1010;
				ORGANIZATIONNAME = "Nathan Glynn";
				TargetAttributes = {
					56BA16A7220E301500816C44 = {
						CreatedOnToolsVersion = 10.1;
						SystemCapabilities = {
							com.apple.Keychain = {
								enabled = 1;
							};
						};
					};
				};
			};
			buildConfigurationList = 56BA16A3220E301500816C44 /* Build configuration list for PBXProject "Snapz" */;
			compatibilityVersion = "Xcode 10.0";
			developmentRegion = en;
			hasScannedForEncodings = 0;
			knownRegions = (
				en,
				Base,
			);
			mainGroup = 56BA169F220E301500816C44;
			productRefGroup = 56BA16A9220E301500816C44 /* Products */;
			projectDirPath = "";
			projectRoot = "";
			targets = (
				56BA16A7220E301500816C44 /* Snapz */,
			);
		};
/* End PBXProject section */

/* Begin PBXResourcesBuildPhase section */
		56BA16A6220E301500816C44 /* Resources */ = {
			isa = PBXResourcesBuildPhase;
			buildActionMask = 2147483647;
			files = (
				56BA16B6220E301700816C44 /* LaunchScreen.storyboard in Resources */,
				56509402220E4174006F717A /* GoogleService-Info.plist in Resources */,
				56BA16B3220E301700816C44 /* Assets.xcassets in Resources */,
				56BA16B1220E301500816C44 /* Main.storyboard in Resources */,
			);
			runOnlyForDeploymentPostprocessing = 0;
		};
/* End PBXResourcesBuildPhase section */

/* Begin PBXShellScriptBuildPhase section */
		4B70CA3D802385AA3C225AE2 /* [CP] Check Pods Manifest.lock */ = {
			isa = PBXShellScriptBuildPhase;
			buildActionMask = 2147483647;
			files = (
			);
			inputFileListPaths = (
			);
			inputPaths = (
				"${PODS_PODFILE_DIR_PATH}/Podfile.lock",
				"${PODS_ROOT}/Manifest.lock",
			);
			name = "[CP] Check Pods Manifest.lock";
			outputFileListPaths = (
			);
			outputPaths = (
				"$(DERIVED_FILE_DIR)/Pods-Snapz-checkManifestLockResult.txt",
			);
			runOnlyForDeploymentPostprocessing = 0;
			shellPath = /bin/sh;
			shellScript = "diff \"${PODS_PODFILE_DIR_PATH}/Podfile.lock\" \"${PODS_ROOT}/Manifest.lock\" > /dev/null\nif [ $? != 0 ] ; then\n    # print error to STDERR\n    echo \"error: The sandbox is not in sync with the Podfile.lock. Run 'pod install' or update your CocoaPods installation.\" >&2\n    exit 1\nfi\n# This output is used by Xcode 'outputs' to avoid re-running this script phase.\necho \"SUCCESS\" > \"${SCRIPT_OUTPUT_FILE_0}\"\n";
			showEnvVarsInLog = 0;
		};
		F8FC14F259F3F13E7AF2309D /* [CP] Embed Pods Frameworks */ = {
			isa = PBXShellScriptBuildPhase;
			buildActionMask = 2147483647;
			files = (
			);
			inputFileListPaths = (
			);
			inputPaths = (
				"${PODS_ROOT}/Target Support Files/Pods-Snapz/Pods-Snapz-frameworks.sh",
				"${BUILT_PRODUCTS_DIR}/GTMSessionFetcher/GTMSessionFetcher.framework",
				"${BUILT_PRODUCTS_DIR}/GoogleUtilities/GoogleUtilities.framework",
				"${BUILT_PRODUCTS_DIR}/leveldb-library/leveldb.framework",
				"${BUILT_PRODUCTS_DIR}/nanopb/nanopb.framework",
			);
			name = "[CP] Embed Pods Frameworks";
			outputFileListPaths = (
			);
			outputPaths = (
				"${TARGET_BUILD_DIR}/${FRAMEWORKS_FOLDER_PATH}/GTMSessionFetcher.framework",
				"${TARGET_BUILD_DIR}/${FRAMEWORKS_FOLDER_PATH}/GoogleUtilities.framework",
				"${TARGET_BUILD_DIR}/${FRAMEWORKS_FOLDER_PATH}/leveldb.framework",
				"${TARGET_BUILD_DIR}/${FRAMEWORKS_FOLDER_PATH}/nanopb.framework",
			);
			runOnlyForDeploymentPostprocessing = 0;
			shellPath = /bin/sh;
			shellScript = "\"${PODS_ROOT}/Target Support Files/Pods-Snapz/Pods-Snapz-frameworks.sh\"\n";
			showEnvVarsInLog = 0;
		};
/* End PBXShellScriptBuildPhase section */

/* Begin PBXSourcesBuildPhase section */
		56BA16A4220E301500816C44 /* Sources */ = {
			isa = PBXSourcesBuildPhase;
			buildActionMask = 2147483647;
			files = (
				56CC06A1220E578200BC3910 /* SnapzViewController.swift in Sources */,
				56BA16AE220E301500816C44 /* SignInViewController.swift in Sources */,
				56BA16AC220E301500816C44 /* AppDelegate.swift in Sources */,
			);
			runOnlyForDeploymentPostprocessing = 0;
		};
/* End PBXSourcesBuildPhase section */

/* Begin PBXVariantGroup section */
		56BA16AF220E301500816C44 /* Main.storyboard */ = {
			isa = PBXVariantGroup;
			children = (
				56BA16B0220E301500816C44 /* Base */,
			);
			name = Main.storyboard;
			sourceTree = "<group>";
		};
		56BA16B4220E301700816C44 /* LaunchScreen.storyboard */ = {
			isa = PBXVariantGroup;
			children = (
				56BA16B5220E301700816C44 /* Base */,
			);
			name = LaunchScreen.storyboard;
			sourceTree = "<group>";
		};
/* End PBXVariantGroup section */

/* Begin XCBuildConfiguration section */
		56BA16B8220E301700816C44 /* Debug */ = {
			isa = XCBuildConfiguration;
			buildSettings = {
				ALWAYS_SEARCH_USER_PATHS = NO;
				CLANG_ANALYZER_NONNULL = YES;
				CLANG_ANALYZER_NUMBER_OBJECT_CONVERSION = YES_AGGRESSIVE;
				CLANG_CXX_LANGUAGE_STANDARD = "gnu++14";
				CLANG_CXX_LIBRARY = "libc++";
				CLANG_ENABLE_MODULES = YES;
				CLANG_ENABLE_OBJC_ARC = YES;
				CLANG_ENABLE_OBJC_WEAK = YES;
				CLANG_WARN_BLOCK_CAPTURE_AUTORELEASING = YES;
				CLANG_WARN_BOOL_CONVERSION = YES;
				CLANG_WARN_COMMA = YES;
				CLANG_WARN_CONSTANT_CONVERSION = YES;
				CLANG_WARN_DEPRECATED_OBJC_IMPLEMENTATIONS = YES;
				CLANG_WARN_DIRECT_OBJC_ISA_USAGE = YES_ERROR;
				CLANG_WARN_DOCUMENTATION_COMMENTS = YES;
				CLANG_WARN_EMPTY_BODY = YES;
				CLANG_WARN_ENUM_CONVERSION = YES;
				CLANG_WARN_INFINITE_RECURSION = YES;
				CLANG_WARN_INT_CONVERSION = YES;
				CLANG_WARN_NON_LITERAL_NULL_CONVERSION = YES;
				CLANG_WARN_OBJC_IMPLICIT_RETAIN_SELF = YES;
				CLANG_WARN_OBJC_LITERAL_CONVERSION = YES;
				CLANG_WARN_OBJC_ROOT_CLASS = YES_ERROR;
				CLANG_WARN_RANGE_LOOP_ANALYSIS = YES;
				CLANG_WARN_STRICT_PROTOTYPES = YES;
				CLANG_WARN_SUSPICIOUS_MOVE = YES;
				CLANG_WARN_UNGUARDED_AVAILABILITY = YES_AGGRESSIVE;
				CLANG_WARN_UNREACHABLE_CODE = YES;
				CLANG_WARN__DUPLICATE_METHOD_MATCH = YES;
				CODE_SIGN_IDENTITY = "iPhone Developer";
				COPY_PHASE_STRIP = NO;
				DEBUG_INFORMATION_FORMAT = dwarf;
				ENABLE_STRICT_OBJC_MSGSEND = YES;
				ENABLE_TESTABILITY = YES;
				GCC_C_LANGUAGE_STANDARD = gnu11;
				GCC_DYNAMIC_NO_PIC = NO;
				GCC_NO_COMMON_BLOCKS = YES;
				GCC_OPTIMIZATION_LEVEL = 0;
				GCC_PREPROCESSOR_DEFINITIONS = (
					"DEBUG=1",
					"$(inherited)",
				);
				GCC_WARN_64_TO_32_BIT_CONVERSION = YES;
				GCC_WARN_ABOUT_RETURN_TYPE = YES_ERROR;
				GCC_WARN_UNDECLARED_SELECTOR = YES;
				GCC_WARN_UNINITIALIZED_AUTOS = YES_AGGRESSIVE;
				GCC_WARN_UNUSED_FUNCTION = YES;
				GCC_WARN_UNUSED_VARIABLE = YES;
				IPHONEOS_DEPLOYMENT_TARGET = 12.1;
				MTL_ENABLE_DEBUG_INFO = INCLUDE_SOURCE;
				MTL_FAST_MATH = YES;
				ONLY_ACTIVE_ARCH = YES;
				SDKROOT = iphoneos;
				SWIFT_ACTIVE_COMPILATION_CONDITIONS = DEBUG;
				SWIFT_OPTIMIZATION_LEVEL = "-Onone";
			};
			name = Debug;
		};
		56BA16B9220E301700816C44 /* Release */ = {
			isa = XCBuildConfiguration;
			buildSettings = {
				ALWAYS_SEARCH_USER_PATHS = NO;
				CLANG_ANALYZER_NONNULL = YES;
				CLANG_ANALYZER_NUMBER_OBJECT_CONVERSION = YES_AGGRESSIVE;
				CLANG_CXX_LANGUAGE_STANDARD = "gnu++14";
				CLANG_CXX_LIBRARY = "libc++";
				CLANG_ENABLE_MODULES = YES;
				CLANG_ENABLE_OBJC_ARC = YES;
				CLANG_ENABLE_OBJC_WEAK = YES;
				CLANG_WARN_BLOCK_CAPTURE_AUTORELEASING = YES;
				CLANG_WARN_BOOL_CONVERSION = YES;
				CLANG_WARN_COMMA = YES;
				CLANG_WARN_CONSTANT_CONVERSION = YES;
				CLANG_WARN_DEPRECATED_OBJC_IMPLEMENTATIONS = YES;
				CLANG_WARN_DIRECT_OBJC_ISA_USAGE = YES_ERROR;
				CLANG_WARN_DOCUMENTATION_COMMENTS = YES;
				CLANG_WARN_EMPTY_BODY = YES;
				CLANG_WARN_ENUM_CONVERSION = YES;
				CLANG_WARN_INFINITE_RECURSION = YES;
				CLANG_WARN_INT_CONVERSION = YES;
				CLANG_WARN_NON_LITERAL_NULL_CONVERSION = YES;
				CLANG_WARN_OBJC_IMPLICIT_RETAIN_SELF = YES;
				CLANG_WARN_OBJC_LITERAL_CONVERSION = YES;
				CLANG_WARN_OBJC_ROOT_CLASS = YES_ERROR;
				CLANG_WARN_RANGE_LOOP_ANALYSIS = YES;
				CLANG_WARN_STRICT_PROTOTYPES = YES;
				CLANG_WARN_SUSPICIOUS_MOVE = YES;
				CLANG_WARN_UNGUARDED_AVAILABILITY = YES_AGGRESSIVE;
				CLANG_WARN_UNREACHABLE_CODE = YES;
				CLANG_WARN__DUPLICATE_METHOD_MATCH = YES;
				CODE_SIGN_IDENTITY = "iPhone Developer";
				COPY_PHASE_STRIP = NO;
				DEBUG_INFORMATION_FORMAT = "dwarf-with-dsym";
				ENABLE_NS_ASSERTIONS = NO;
				ENABLE_STRICT_OBJC_MSGSEND = YES;
				GCC_C_LANGUAGE_STANDARD = gnu11;
				GCC_NO_COMMON_BLOCKS = YES;
				GCC_WARN_64_TO_32_BIT_CONVERSION = YES;
				GCC_WARN_ABOUT_RETURN_TYPE = YES_ERROR;
				GCC_WARN_UNDECLARED_SELECTOR = YES;
				GCC_WARN_UNINITIALIZED_AUTOS = YES_AGGRESSIVE;
				GCC_WARN_UNUSED_FUNCTION = YES;
				GCC_WARN_UNUSED_VARIABLE = YES;
				IPHONEOS_DEPLOYMENT_TARGET = 12.1;
				MTL_ENABLE_DEBUG_INFO = NO;
				MTL_FAST_MATH = YES;
				SDKROOT = iphoneos;
				SWIFT_COMPILATION_MODE = wholemodule;
				SWIFT_OPTIMIZATION_LEVEL = "-O";
				VALIDATE_PRODUCT = YES;
			};
			name = Release;
		};
		56BA16BB220E301700816C44 /* Debug */ = {
			isa = XCBuildConfiguration;
			baseConfigurationReference = E374C39443EDA2966E79C3D0 /* Pods-Snapz.debug.xcconfig */;
			buildSettings = {
				ASSETCATALOG_COMPILER_APPICON_NAME = AppIcon;
				CODE_SIGN_ENTITLEMENTS = Snapz/Snapz.entitlements;
				CODE_SIGN_STYLE = Automatic;
				DEVELOPMENT_TEAM = 484CXRFUD3;
				INFOPLIST_FILE = Snapz/Info.plist;
				IPHONEOS_DEPLOYMENT_TARGET = 12.2;
				LD_RUNPATH_SEARCH_PATHS = (
					"$(inherited)",
					"@executable_path/Frameworks",
				);
				PRODUCT_BUNDLE_IDENTIFIER = edu.self.Snapz;
				PRODUCT_NAME = "$(TARGET_NAME)";
				SWIFT_VERSION = 4.2;
				TARGETED_DEVICE_FAMILY = "1,2";
			};
			name = Debug;
		};
		56BA16BC220E301700816C44 /* Release */ = {
			isa = XCBuildConfiguration;
			baseConfigurationReference = 54AB98095291E0935646DC07 /* Pods-Snapz.release.xcconfig */;
			buildSettings = {
				ASSETCATALOG_COMPILER_APPICON_NAME = AppIcon;
				CODE_SIGN_ENTITLEMENTS = Snapz/Snapz.entitlements;
				CODE_SIGN_STYLE = Automatic;
				DEVELOPMENT_TEAM = 484CXRFUD3;
				INFOPLIST_FILE = Snapz/Info.plist;
				IPHONEOS_DEPLOYMENT_TARGET = 12.2;
				LD_RUNPATH_SEARCH_PATHS = (
					"$(inherited)",
					"@executable_path/Frameworks",
				);
				PRODUCT_BUNDLE_IDENTIFIER = edu.self.Snapz;
				PRODUCT_NAME = "$(TARGET_NAME)";
				SWIFT_VERSION = 4.2;
				TARGETED_DEVICE_FAMILY = "1,2";
			};
			name = Release;
		};
/* End XCBuildConfiguration section */

/* Begin XCConfigurationList section */
		56BA16A3220E301500816C44 /* Build configuration list for PBXProject "Snapz" */ = {
			isa = XCConfigurationList;
			buildConfigurations = (
				56BA16B8220E301700816C44 /* Debug */,
				56BA16B9220E301700816C44 /* Release */,
			);
			defaultConfigurationIsVisible = 0;
			defaultConfigurationName = Release;
		};
		56BA16BA220E301700816C44 /* Build configuration list for PBXNativeTarget "Snapz" */ = {
			isa = XCConfigurationList;
			buildConfigurations = (
				56BA16BB220E301700816C44 /* Debug */,
				56BA16BC220E301700816C44 /* Release */,
			);
			defaultConfigurationIsVisible = 0;
			defaultConfigurationName = Release;
		};
/* End XCConfigurationList section */
	};
	rootObject = 56BA16A0220E301500816C44 /* Project object */;
}
